
Microsoft Visual Studio Solution File, Format Version 12.00
# Visual Studio 15
VisualStudioVersion = 15.0.28307.106
MinimumVisualStudioVersion = 10.0.40219.1
Project("{FAE04EC0-301F-11D3-BF4B-00C04F79EFBC}") = "nodeeeeee", "nodeeeeee\nodeeeeee.csproj", "{3A0B6C26-B200-4F76-B923-903A86DE83FE}"
EndProject
Global
	GlobalSection(SolutionConfigurationPlatforms) = preSolution
		Debug|Any CPU = Debug|Any CPU
		Release|Any CPU = Release|Any CPU
	EndGlobalSection
	GlobalSection(ProjectConfigurationPlatforms) = postSolution
		{3A0B6C26-B200-4F76-B923-903A86DE83FE}.Debug|Any CPU.ActiveCfg = Debug|Any CPU
		{3A0B6C26-B200-4F76-B923-903A86DE83FE}.Debug|Any CPU.Build.0 = Debug|Any CPU
		{3A0B6C26-B200-4F76-B923-903A86DE83FE}.Release|Any CPU.ActiveCfg = Release|Any CPU
		{3A0B6C26-B200-4F76-B923-903A86DE83FE}.Release|Any CPU.Build.0 = Release|Any CPU
	EndGlobalSection
	GlobalSection(SolutionProperties) = preSolution
		HideSolutionNode = FALSE
	EndGlobalSection
	GlobalSection(ExtensibilityGlobals) = postSolution
		SolutionGuid = {162823D1-B932-48BE-A2A9-F9CED0BD4A2E}
	EndGlobalSection
EndGlobal
